
Microsoft Visual Studio Solution File, Format Version 12.00
# Visual Studio 2015
Project("{FAE04EC0-301F-11D3-BF4B-00C04F79EFBC}") = "SoftwareComponents", "SoftwareComponents.csproj", "{20887D77-2C58-5E56-B4E9-7EFD826582B8}"
EndProject
Project("{FAE04EC0-301F-11D3-BF4B-00C04F79EFBC}") = "SoftwareComponents.Editor", "SoftwareComponents.Editor.csproj", "{76511FCA-4DAE-FEBE-9531-BAD18B744A42}"
EndProject
Global
	GlobalSection(SolutionConfigurationPlatforms) = preSolution
		Debug|Any CPU = Debug|Any CPU
		Release|Any CPU = Release|Any CPU
	EndGlobalSection
	GlobalSection(ProjectConfigurationPlatforms) = postSolution
		{20887D77-2C58-5E56-B4E9-7EFD826582B8}.Debug|Any CPU.ActiveCfg = Debug|Any CPU
		{20887D77-2C58-5E56-B4E9-7EFD826582B8}.Debug|Any CPU.Build.0 = Debug|Any CPU
		{20887D77-2C58-5E56-B4E9-7EFD826582B8}.Release|Any CPU.ActiveCfg = Release|Any CPU
		{20887D77-2C58-5E56-B4E9-7EFD826582B8}.Release|Any CPU.Build.0 = Release|Any CPU
		{76511FCA-4DAE-FEBE-9531-BAD18B744A42}.Debug|Any CPU.ActiveCfg = Debug|Any CPU
		{76511FCA-4DAE-FEBE-9531-BAD18B744A42}.Debug|Any CPU.Build.0 = Debug|Any CPU
		{76511FCA-4DAE-FEBE-9531-BAD18B744A42}.Release|Any CPU.ActiveCfg = Release|Any CPU
		{76511FCA-4DAE-FEBE-9531-BAD18B744A42}.Release|Any CPU.Build.0 = Release|Any CPU
	EndGlobalSection
	GlobalSection(SolutionProperties) = preSolution
		HideSolutionNode = FALSE
	EndGlobalSection
EndGlobal
